
Microsoft Visual Studio Solution File, Format Version 12.00
# Visual Studio 15
Project("{FAE04EC0-301F-11D3-BF4B-00C04F79EFBC}") = "UnityEngine.UI", "UnityEngine.UI.csproj", "{81D36CD6-1958-127A-801B-D78E8BE6914A}"
EndProject
Project("{FAE04EC0-301F-11D3-BF4B-00C04F79EFBC}") = "Unity.RenderPipelines.Core.Runtime", "Unity.RenderPipelines.Core.Runtime.csproj", "{32ED3D24-79A8-34AA-6CA6-A975299A2B75}"
EndProject
Project("{FAE04EC0-301F-11D3-BF4B-00C04F79EFBC}") = "UnityEngine.TestRunner", "UnityEngine.TestRunner.csproj", "{57CD7DF1-145F-8D09-D53A-2F675BE25AE3}"
EndProject
Project("{FAE04EC0-301F-11D3-BF4B-00C04F79EFBC}") = "Unity.Mathematics", "Unity.Mathematics.csproj", "{65AEA798-6EAF-792E-4D42-D6A34414C803}"
EndProject
Project("{FAE04EC0-301F-11D3-BF4B-00C04F79EFBC}") = "Unity.RenderPipelines.Universal.Runtime", "Unity.RenderPipelines.Universal.Runtime.csproj", "{A9087CFD-CF82-9CD3-ED72-9EA2FC2AE209}"
EndProject
Project("{FAE04EC0-301F-11D3-BF4B-00C04F79EFBC}") = "Unity.TextMeshPro", "Unity.TextMeshPro.csproj", "{72D781C4-61F2-8565-AE54-8D7CF577F0C4}"
EndProject
Project("{FAE04EC0-301F-11D3-BF4B-00C04F79EFBC}") = "Unity.Timeline", "Unity.Timeline.csproj", "{05739F54-C101-2919-3A75-BF970470A00D}"
EndProject
Project("{FAE04EC0-301F-11D3-BF4B-00C04F79EFBC}") = "Unity.RenderPipelines.Core.ShaderLibrary", "Unity.RenderPipelines.Core.ShaderLibrary.csproj", "{2A976B0C-7CC5-0491-CC83-F67FD712C5C7}"
EndProject
Project("{FAE04EC0-301F-11D3-BF4B-00C04F79EFBC}") = "Assembly-CSharp", "Assembly-CSharp.csproj", "{341E73C4-44A1-A61C-E019-39E4C7B4EF15}"
EndProject
Project("{FAE04EC0-301F-11D3-BF4B-00C04F79EFBC}") = "Unity.RenderPipeline.Universal.ShaderLibrary", "Unity.RenderPipeline.Universal.ShaderLibrary.csproj", "{BB80FCC1-DCC0-F85E-9F58-1FDD975446AC}"
EndProject
Project("{FAE04EC0-301F-11D3-BF4B-00C04F79EFBC}") = "Unity.RenderPipelines.Universal.Shaders", "Unity.RenderPipelines.Universal.Shaders.csproj", "{839B1C2B-069D-249A-1A06-2E2024C93223}"
EndProject
Project("{FAE04EC0-301F-11D3-BF4B-00C04F79EFBC}") = "Unity.RenderPipelines.ShaderGraph.ShaderGraphLibrary", "Unity.RenderPipelines.ShaderGraph.ShaderGraphLibrary.csproj", "{C754E41E-5AA7-DF8B-3C50-12FBCC430295}"
EndProject
Project("{FAE04EC0-301F-11D3-BF4B-00C04F79EFBC}") = "Unity.PlasticSCM.Editor", "Unity.PlasticSCM.Editor.csproj", "{15B853C8-B369-86C3-625E-16C3330DE187}"
EndProject
Project("{FAE04EC0-301F-11D3-BF4B-00C04F79EFBC}") = "Unity.ShaderGraph.Editor", "Unity.ShaderGraph.Editor.csproj", "{FDBA9BDD-FC5C-C5B6-7B04-A183CD2C889E}"
EndProject
Project("{FAE04EC0-301F-11D3-BF4B-00C04F79EFBC}") = "Unity.VisualStudio.Editor", "Unity.VisualStudio.Editor.csproj", "{5B5085EB-8731-CF21-ED07-3F75C45186A7}"
EndProject
Project("{FAE04EC0-301F-11D3-BF4B-00C04F79EFBC}") = "Unity.Timeline.Editor", "Unity.Timeline.Editor.csproj", "{373AFD66-0C6C-BD56-336E-52FAE92B0B69}"
EndProject
Project("{FAE04EC0-301F-11D3-BF4B-00C04F79EFBC}") = "Unity.TextMeshPro.Editor", "Unity.TextMeshPro.Editor.csproj", "{17C0C3E1-0C28-9CB2-0A9F-04EA84CFCE45}"
EndProject
Project("{FAE04EC0-301F-11D3-BF4B-00C04F79EFBC}") = "Unity.CollabProxy.Editor", "Unity.CollabProxy.Editor.csproj", "{21B2C8EA-9D3C-B6C6-F82E-0D986C0A6FE1}"
EndProject
Project("{FAE04EC0-301F-11D3-BF4B-00C04F79EFBC}") = "UnityEditor.TestRunner", "UnityEditor.TestRunner.csproj", "{0A544103-0BB8-1E58-4C7C-9960A64C5E1C}"
EndProject
Project("{FAE04EC0-301F-11D3-BF4B-00C04F79EFBC}") = "Unity.Rider.Editor", "Unity.Rider.Editor.csproj", "{AF3917E4-631E-F14B-330D-C7A24D983DE5}"
EndProject
Project("{FAE04EC0-301F-11D3-BF4B-00C04F79EFBC}") = "Unity.RenderPipelines.Universal.Editor", "Unity.RenderPipelines.Universal.Editor.csproj", "{D3B753B8-0968-98A6-316F-B048F9AA1CFD}"
EndProject
Project("{FAE04EC0-301F-11D3-BF4B-00C04F79EFBC}") = "Unity.Services.Core.Editor", "Unity.Services.Core.Editor.csproj", "{3E7BB972-5843-31C3-56CF-EFCD22F9B236}"
EndProject
Project("{FAE04EC0-301F-11D3-BF4B-00C04F79EFBC}") = "Unity.RenderPipelines.Core.Editor", "Unity.RenderPipelines.Core.Editor.csproj", "{35ED7FC1-4430-4811-4206-D6187DE0CE5C}"
EndProject
Project("{FAE04EC0-301F-11D3-BF4B-00C04F79EFBC}") = "Unity.Searcher.Editor", "Unity.Searcher.Editor.csproj", "{E23AA08A-2025-7479-A203-E81FFB2572E7}"
EndProject
Project("{FAE04EC0-301F-11D3-BF4B-00C04F79EFBC}") = "Unity.2D.Tilemap.Editor", "Unity.2D.Tilemap.Editor.csproj", "{7EEE7B7F-1B0C-EE78-156F-4435EC8D363A}"
EndProject
Project("{FAE04EC0-301F-11D3-BF4B-00C04F79EFBC}") = "Unity.VSCode.Editor", "Unity.VSCode.Editor.csproj", "{0C0505E5-2330-5845-0FD4-807C502CC3C2}"
EndProject
Project("{FAE04EC0-301F-11D3-BF4B-00C04F79EFBC}") = "UnityEditor.UI", "UnityEditor.UI.csproj", "{20879A7E-D11D-93D3-3CF1-C324A6D890CE}"
EndProject
Project("{FAE04EC0-301F-11D3-BF4B-00C04F79EFBC}") = "Unity.Mathematics.Editor", "Unity.Mathematics.Editor.csproj", "{6E3CDAB0-24D4-B770-9A33-3F6FD6246F23}"
EndProject
Project("{FAE04EC0-301F-11D3-BF4B-00C04F79EFBC}") = "Unity.ShaderGraph.Utilities", "Unity.ShaderGraph.Utilities.csproj", "{1528B4E7-BB74-E252-DE16-C8F307C2C05F}"
EndProject
Global
	GlobalSection(SolutionConfigurationPlatforms) = preSolution
		Debug|Any CPU = Debug|Any CPU
		Release|Any CPU = Release|Any CPU
	EndGlobalSection
	GlobalSection(ProjectConfigurationPlatforms) = postSolution
		{81D36CD6-1958-127A-801B-D78E8BE6914A}.Debug|Any CPU.ActiveCfg = Debug|Any CPU
		{81D36CD6-1958-127A-801B-D78E8BE6914A}.Debug|Any CPU.Build.0 = Debug|Any CPU
		{81D36CD6-1958-127A-801B-D78E8BE6914A}.Release|Any CPU.ActiveCfg = Release|Any CPU
		{81D36CD6-1958-127A-801B-D78E8BE6914A}.Release|Any CPU.Build.0 = Release|Any CPU
		{32ED3D24-79A8-34AA-6CA6-A975299A2B75}.Debug|Any CPU.ActiveCfg = Debug|Any CPU
		{32ED3D24-79A8-34AA-6CA6-A975299A2B75}.Debug|Any CPU.Build.0 = Debug|Any CPU
		{32ED3D24-79A8-34AA-6CA6-A975299A2B75}.Release|Any CPU.ActiveCfg = Release|Any CPU
		{32ED3D24-79A8-34AA-6CA6-A975299A2B75}.Release|Any CPU.Build.0 = Release|Any CPU
		{57CD7DF1-145F-8D09-D53A-2F675BE25AE3}.Debug|Any CPU.ActiveCfg = Debug|Any CPU
		{57CD7DF1-145F-8D09-D53A-2F675BE25AE3}.Debug|Any CPU.Build.0 = Debug|Any CPU
		{57CD7DF1-145F-8D09-D53A-2F675BE25AE3}.Release|Any CPU.ActiveCfg = Release|Any CPU
		{57CD7DF1-145F-8D09-D53A-2F675BE25AE3}.Release|Any CPU.Build.0 = Release|Any CPU
		{65AEA798-6EAF-792E-4D42-D6A34414C803}.Debug|Any CPU.ActiveCfg = Debug|Any CPU
		{65AEA798-6EAF-792E-4D42-D6A34414C803}.Debug|Any CPU.Build.0 = Debug|Any CPU
		{65AEA798-6EAF-792E-4D42-D6A34414C803}.Release|Any CPU.ActiveCfg = Release|Any CPU
		{65AEA798-6EAF-792E-4D42-D6A34414C803}.Release|Any CPU.Build.0 = Release|Any CPU
		{A9087CFD-CF82-9CD3-ED72-9EA2FC2AE209}.Debug|Any CPU.ActiveCfg = Debug|Any CPU
		{A9087CFD-CF82-9CD3-ED72-9EA2FC2AE209}.Debug|Any CPU.Build.0 = Debug|Any CPU
		{A9087CFD-CF82-9CD3-ED72-9EA2FC2AE209}.Release|Any CPU.ActiveCfg = Release|Any CPU
		{A9087CFD-CF82-9CD3-ED72-9EA2FC2AE209}.Release|Any CPU.Build.0 = Release|Any CPU
		{72D781C4-61F2-8565-AE54-8D7CF577F0C4}.Debug|Any CPU.ActiveCfg = Debug|Any CPU
		{72D781C4-61F2-8565-AE54-8D7CF577F0C4}.Debug|Any CPU.Build.0 = Debug|Any CPU
		{72D781C4-61F2-8565-AE54-8D7CF577F0C4}.Release|Any CPU.ActiveCfg = Release|Any CPU
		{72D781C4-61F2-8565-AE54-8D7CF577F0C4}.Release|Any CPU.Build.0 = Release|Any CPU
		{05739F54-C101-2919-3A75-BF970470A00D}.Debug|Any CPU.ActiveCfg = Debug|Any CPU
		{05739F54-C101-2919-3A75-BF970470A00D}.Debug|Any CPU.Build.0 = Debug|Any CPU
		{05739F54-C101-2919-3A75-BF970470A00D}.Release|Any CPU.ActiveCfg = Release|Any CPU
		{05739F54-C101-2919-3A75-BF970470A00D}.Release|Any CPU.Build.0 = Release|Any CPU
		{2A976B0C-7CC5-0491-CC83-F67FD712C5C7}.Debug|Any CPU.ActiveCfg = Debug|Any CPU
		{2A976B0C-7CC5-0491-CC83-F67FD712C5C7}.Debug|Any CPU.Build.0 = Debug|Any CPU
		{2A976B0C-7CC5-0491-CC83-F67FD712C5C7}.Release|Any CPU.ActiveCfg = Release|Any CPU
		{2A976B0C-7CC5-0491-CC83-F67FD712C5C7}.Release|Any CPU.Build.0 = Release|Any CPU
		{341E73C4-44A1-A61C-E019-39E4C7B4EF15}.Debug|Any CPU.ActiveCfg = Debug|Any CPU
		{341E73C4-44A1-A61C-E019-39E4C7B4EF15}.Debug|Any CPU.Build.0 = Debug|Any CPU
		{341E73C4-44A1-A61C-E019-39E4C7B4EF15}.Release|Any CPU.ActiveCfg = Release|Any CPU
		{341E73C4-44A1-A61C-E019-39E4C7B4EF15}.Release|Any CPU.Build.0 = Release|Any CPU
		{BB80FCC1-DCC0-F85E-9F58-1FDD975446AC}.Debug|Any CPU.ActiveCfg = Debug|Any CPU
		{BB80FCC1-DCC0-F85E-9F58-1FDD975446AC}.Debug|Any CPU.Build.0 = Debug|Any CPU
		{BB80FCC1-DCC0-F85E-9F58-1FDD975446AC}.Release|Any CPU.ActiveCfg = Release|Any CPU
		{BB80FCC1-DCC0-F85E-9F58-1FDD975446AC}.Release|Any CPU.Build.0 = Release|Any CPU
		{839B1C2B-069D-249A-1A06-2E2024C93223}.Debug|Any CPU.ActiveCfg = Debug|Any CPU
		{839B1C2B-069D-249A-1A06-2E2024C93223}.Debug|Any CPU.Build.0 = Debug|Any CPU
		{839B1C2B-069D-249A-1A06-2E2024C93223}.Release|Any CPU.ActiveCfg = Release|Any CPU
		{839B1C2B-069D-249A-1A06-2E2024C93223}.Release|Any CPU.Build.0 = Release|Any CPU
		{C754E41E-5AA7-DF8B-3C50-12FBCC430295}.Debug|Any CPU.ActiveCfg = Debug|Any CPU
		{C754E41E-5AA7-DF8B-3C50-12FBCC430295}.Debug|Any CPU.Build.0 = Debug|Any CPU
		{C754E41E-5AA7-DF8B-3C50-12FBCC430295}.Release|Any CPU.ActiveCfg = Release|Any CPU
		{C754E41E-5AA7-DF8B-3C50-12FBCC430295}.Release|Any CPU.Build.0 = Release|Any CPU
		{15B853C8-B369-86C3-625E-16C3330DE187}.Debug|Any CPU.ActiveCfg = Debug|Any CPU
		{15B853C8-B369-86C3-625E-16C3330DE187}.Debug|Any CPU.Build.0 = Debug|Any CPU
		{15B853C8-B369-86C3-625E-16C3330DE187}.Release|Any CPU.ActiveCfg = Release|Any CPU
		{15B853C8-B369-86C3-625E-16C3330DE187}.Release|Any CPU.Build.0 = Release|Any CPU
		{FDBA9BDD-FC5C-C5B6-7B04-A183CD2C889E}.Debug|Any CPU.ActiveCfg = Debug|Any CPU
		{FDBA9BDD-FC5C-C5B6-7B04-A183CD2C889E}.Debug|Any CPU.Build.0 = Debug|Any CPU
		{FDBA9BDD-FC5C-C5B6-7B04-A183CD2C889E}.Release|Any CPU.ActiveCfg = Release|Any CPU
		{FDBA9BDD-FC5C-C5B6-7B04-A183CD2C889E}.Release|Any CPU.Build.0 = Release|Any CPU
		{5B5085EB-8731-CF21-ED07-3F75C45186A7}.Debug|Any CPU.ActiveCfg = Debug|Any CPU
		{5B5085EB-8731-CF21-ED07-3F75C45186A7}.Debug|Any CPU.Build.0 = Debug|Any CPU
		{5B5085EB-8731-CF21-ED07-3F75C45186A7}.Release|Any CPU.ActiveCfg = Release|Any CPU
		{5B5085EB-8731-CF21-ED07-3F75C45186A7}.Release|Any CPU.Build.0 = Release|Any CPU
		{373AFD66-0C6C-BD56-336E-52FAE92B0B69}.Debug|Any CPU.ActiveCfg = Debug|Any CPU
		{373AFD66-0C6C-BD56-336E-52FAE92B0B69}.Debug|Any CPU.Build.0 = Debug|Any CPU
		{373AFD66-0C6C-BD56-336E-52FAE92B0B69}.Release|Any CPU.ActiveCfg = Release|Any CPU
		{373AFD66-0C6C-BD56-336E-52FAE92B0B69}.Release|Any CPU.Build.0 = Release|Any CPU
		{17C0C3E1-0C28-9CB2-0A9F-04EA84CFCE45}.Debug|Any CPU.ActiveCfg = Debug|Any CPU
		{17C0C3E1-0C28-9CB2-0A9F-04EA84CFCE45}.Debug|Any CPU.Build.0 = Debug|Any CPU
		{17C0C3E1-0C28-9CB2-0A9F-04EA84CFCE45}.Release|Any CPU.ActiveCfg = Release|Any CPU
		{17C0C3E1-0C28-9CB2-0A9F-04EA84CFCE45}.Release|Any CPU.Build.0 = Release|Any CPU
		{21B2C8EA-9D3C-B6C6-F82E-0D986C0A6FE1}.Debug|Any CPU.ActiveCfg = Debug|Any CPU
		{21B2C8EA-9D3C-B6C6-F82E-0D986C0A6FE1}.Debug|Any CPU.Build.0 = Debug|Any CPU
		{21B2C8EA-9D3C-B6C6-F82E-0D986C0A6FE1}.Release|Any CPU.ActiveCfg = Release|Any CPU
		{21B2C8EA-9D3C-B6C6-F82E-0D986C0A6FE1}.Release|Any CPU.Build.0 = Release|Any CPU
		{0A544103-0BB8-1E58-4C7C-9960A64C5E1C}.Debug|Any CPU.ActiveCfg = Debug|Any CPU
		{0A544103-0BB8-1E58-4C7C-9960A64C5E1C}.Debug|Any CPU.Build.0 = Debug|Any CPU
		{0A544103-0BB8-1E58-4C7C-9960A64C5E1C}.Release|Any CPU.ActiveCfg = Release|Any CPU
		{0A544103-0BB8-1E58-4C7C-9960A64C5E1C}.Release|Any CPU.Build.0 = Release|Any CPU
		{AF3917E4-631E-F14B-330D-C7A24D983DE5}.Debug|Any CPU.ActiveCfg = Debug|Any CPU
		{AF3917E4-631E-F14B-330D-C7A24D983DE5}.Debug|Any CPU.Build.0 = Debug|Any CPU
		{AF3917E4-631E-F14B-330D-C7A24D983DE5}.Release|Any CPU.ActiveCfg = Release|Any CPU
		{AF3917E4-631E-F14B-330D-C7A24D983DE5}.Release|Any CPU.Build.0 = Release|Any CPU
		{D3B753B8-0968-98A6-316F-B048F9AA1CFD}.Debug|Any CPU.ActiveCfg = Debug|Any CPU
		{D3B753B8-0968-98A6-316F-B048F9AA1CFD}.Debug|Any CPU.Build.0 = Debug|Any CPU
		{D3B753B8-0968-98A6-316F-B048F9AA1CFD}.Release|Any CPU.ActiveCfg = Release|Any CPU
		{D3B753B8-0968-98A6-316F-B048F9AA1CFD}.Release|Any CPU.Build.0 = Release|Any CPU
		{3E7BB972-5843-31C3-56CF-EFCD22F9B236}.Debug|Any CPU.ActiveCfg = Debug|Any CPU
		{3E7BB972-5843-31C3-56CF-EFCD22F9B236}.Debug|Any CPU.Build.0 = Debug|Any CPU
		{3E7BB972-5843-31C3-56CF-EFCD22F9B236}.Release|Any CPU.ActiveCfg = Release|Any CPU
		{3E7BB972-5843-31C3-56CF-EFCD22F9B236}.Release|Any CPU.Build.0 = Release|Any CPU
		{35ED7FC1-4430-4811-4206-D6187DE0CE5C}.Debug|Any CPU.ActiveCfg = Debug|Any CPU
		{35ED7FC1-4430-4811-4206-D6187DE0CE5C}.Debug|Any CPU.Build.0 = Debug|Any CPU
		{35ED7FC1-4430-4811-4206-D6187DE0CE5C}.Release|Any CPU.ActiveCfg = Release|Any CPU
		{35ED7FC1-4430-4811-4206-D6187DE0CE5C}.Release|Any CPU.Build.0 = Release|Any CPU
		{E23AA08A-2025-7479-A203-E81FFB2572E7}.Debug|Any CPU.ActiveCfg = Debug|Any CPU
		{E23AA08A-2025-7479-A203-E81FFB2572E7}.Debug|Any CPU.Build.0 = Debug|Any CPU
		{E23AA08A-2025-7479-A203-E81FFB2572E7}.Release|Any CPU.ActiveCfg = Release|Any CPU
		{E23AA08A-2025-7479-A203-E81FFB2572E7}.Release|Any CPU.Build.0 = Release|Any CPU
		{7EEE7B7F-1B0C-EE78-156F-4435EC8D363A}.Debug|Any CPU.ActiveCfg = Debug|Any CPU
		{7EEE7B7F-1B0C-EE78-156F-4435EC8D363A}.Debug|Any CPU.Build.0 = Debug|Any CPU
		{7EEE7B7F-1B0C-EE78-156F-4435EC8D363A}.Release|Any CPU.ActiveCfg = Release|Any CPU
		{7EEE7B7F-1B0C-EE78-156F-4435EC8D363A}.Release|Any CPU.Build.0 = Release|Any CPU
		{0C0505E5-2330-5845-0FD4-807C502CC3C2}.Debug|Any CPU.ActiveCfg = Debug|Any CPU
		{0C0505E5-2330-5845-0FD4-807C502CC3C2}.Debug|Any CPU.Build.0 = Debug|Any CPU
		{0C0505E5-2330-5845-0FD4-807C502CC3C2}.Release|Any CPU.ActiveCfg = Release|Any CPU
		{0C0505E5-2330-5845-0FD4-807C502CC3C2}.Release|Any CPU.Build.0 = Release|Any CPU
		{20879A7E-D11D-93D3-3CF1-C324A6D890CE}.Debug|Any CPU.ActiveCfg = Debug|Any CPU
		{20879A7E-D11D-93D3-3CF1-C324A6D890CE}.Debug|Any CPU.Build.0 = Debug|Any CPU
		{20879A7E-D11D-93D3-3CF1-C324A6D890CE}.Release|Any CPU.ActiveCfg = Release|Any CPU
		{20879A7E-D11D-93D3-3CF1-C324A6D890CE}.Release|Any CPU.Build.0 = Release|Any CPU
		{6E3CDAB0-24D4-B770-9A33-3F6FD6246F23}.Debug|Any CPU.ActiveCfg = Debug|Any CPU
		{6E3CDAB0-24D4-B770-9A33-3F6FD6246F23}.Debug|Any CPU.Build.0 = Debug|Any CPU
		{6E3CDAB0-24D4-B770-9A33-3F6FD6246F23}.Release|Any CPU.ActiveCfg = Release|Any CPU
		{6E3CDAB0-24D4-B770-9A33-3F6FD6246F23}.Release|Any CPU.Build.0 = Release|Any CPU
		{1528B4E7-BB74-E252-DE16-C8F307C2C05F}.Debug|Any CPU.ActiveCfg = Debug|Any CPU
		{1528B4E7-BB74-E252-DE16-C8F307C2C05F}.Debug|Any CPU.Build.0 = Debug|Any CPU
		{1528B4E7-BB74-E252-DE16-C8F307C2C05F}.Release|Any CPU.ActiveCfg = Release|Any CPU
		{1528B4E7-BB74-E252-DE16-C8F307C2C05F}.Release|Any CPU.Build.0 = Release|Any CPU
	EndGlobalSection
	GlobalSection(SolutionProperties) = preSolution
		HideSolutionNode = FALSE
	EndGlobalSection
EndGlobal
